
Microsoft Visual Studio Solution File, Format Version 12.00
# Visual Studio Version 17
VisualStudioVersion = 17.11.35312.102
MinimumVisualStudioVersion = 10.0.40219.1
Project("{FAE04EC0-301F-11D3-BF4B-00C04F79EFBC}") = "staff scheduler", "staff scheduler\staff scheduler.csproj", "{DFDCFFB8-2C60-45DD-813A-5919D2784230}"
EndProject
Global
	GlobalSection(SolutionConfigurationPlatforms) = preSolution
		Debug|Any CPU = Debug|Any CPU
		Release|Any CPU = Release|Any CPU
	EndGlobalSection
	GlobalSection(ProjectConfigurationPlatforms) = postSolution
		{DFDCFFB8-2C60-45DD-813A-5919D2784230}.Debug|Any CPU.ActiveCfg = Debug|Any CPU
		{DFDCFFB8-2C60-45DD-813A-5919D2784230}.Debug|Any CPU.Build.0 = Debug|Any CPU
		{DFDCFFB8-2C60-45DD-813A-5919D2784230}.Release|Any CPU.ActiveCfg = Release|Any CPU
		{DFDCFFB8-2C60-45DD-813A-5919D2784230}.Release|Any CPU.Build.0 = Release|Any CPU
	EndGlobalSection
	GlobalSection(SolutionProperties) = preSolution
		HideSolutionNode = FALSE
	EndGlobalSection
	GlobalSection(ExtensibilityGlobals) = postSolution
		SolutionGuid = {CA934579-96C2-4E64-919B-3AA3F55F4CFA}
	EndGlobalSection
EndGlobal
